<?xml version="1.0" encoding="utf-8"?>
<Project ToolsVersion="4.0" xmlns="http://schemas.microsoft.com/developer/msbuild/2003">
  <ItemGroup>
    <Filter Include="Core">
      <UniqueIdentifier>{979659a4-5646-4af5-b86a-7c255268301e}</UniqueIdentifier>
    </Filter>
  </ItemGroup>
  <ItemGroup>
    <ClCompile Include="src\Platform\Windows\WindowsWindow.cpp" />
    <ClCompile Include="src\Platform\Windows\WindowsApplication.cpp" />
    <ClCompile Include="src\idafucker.cpp" />
  </ItemGroup>
  <ItemGroup>
    <ClInclude Include="include\platform\windows\WindowsWindow.hpp" />
    <ClInclude Include="include\platform\windows\WindowsApplication.hpp" />
    <ClInclude Include="include\platform\Application.hpp" />
    <ClInclude Include="include\platform\Window.hpp" />
    <ClInclude Include="include\idafucker\HyperUI\Core\Math\Vector2.hpp" />
    <ClInclude Include="include\idafucker\HyperUI\Widgets\CheckboxWidget.hpp" />
    <ClInclude Include="include\idafucker\HyperUI\Widgets\BaseWidget.hpp" />
    <ClInclude Include="include\idafucker\HyperUI\Core\Math\Rectangle.hpp" />
    <ClInclude Include="include\idafucker\HyperUI\Core\Math\Scalar.hpp" />
    <ClInclude Include="include\idafucker\HyperUI\Core\Layout\GenericLayout.hpp" />
    <ClInclude Include="include\idafucker\HyperUI\Core\Layout\FlexLayout.hpp" />
    <ClInclude Include="include\idafucker\HyperUI\Core\Math\Common.hpp" />
    <ClInclude Include="include\idafucker\HyperUI\Core\Style\Style.hpp" />
    <ClInclude Include="include\idafucker\HyperUI\Core\Style\StyleAttribute.hpp" />
    <ClInclude Include="include\idafucker\HyperUI\Core\Style\StyleGroup.hpp" />
    <ClInclude Include="include\idafucker\HyperUI\Core\Style\StyleSheet.hpp" />
    <ClInclude Include="include\idafucker\HyperUI\Widgets\CanvasWidget.hpp" />
    <ClInclude Include="include\idafucker\Platform\Windows\WindowsApplication.hpp" />
    <ClInclude Include="include\idafucker\Platform\Windows\WindowsWindow.hpp" />
    <ClInclude Include="include\idafucker\Platform\Application.hpp" />
    <ClInclude Include="include\idafucker\Platform\Window.hpp" />
    <ClInclude Include="include\idafucker\CoreDefines.hpp" />
    <ClInclude Include="include\idafucker\Bootstrapper\Bootstrapper.hpp" />
  </ItemGroup>
  <ItemGroup>
    <None Include=".clang-format" />
  </ItemGroup>
</Project>