<?xml version="1.0" encoding="utf-8"?>
<Project ToolsVersion="4.0" xmlns="http://schemas.microsoft.com/developer/msbuild/2003">
  <ItemGroup>
    <Filter Include="Core">
      <UniqueIdentifier>{979659a4-5646-4af5-b86a-7c255268301e}</UniqueIdentifier>
    </Filter>
  </ItemGroup>
  <ItemGroup>
    <ClCompile Include="src\idafucker\resources\ResourceManager.cpp" />
    <ClCompile Include="src\idafucker\idafucker.cpp" />
    <ClCompile Include="src\idafucker\resources\Resource.cpp" />
    <ClCompile Include="src\idafucker\base\String.cpp" />
    <ClCompile Include="src\idafucker\runtime2\impl\ApplicationImpl.cpp" />
    <ClCompile Include="src\idafucker\runtime2\impl\WindowImpl.cpp" />
    <ClCompile Include="src\hyperui\HyperuiWindow.cpp" />
    <ClCompile Include="src\hyperui\runtime\impl\win\EngineImpl.cpp" />
  </ItemGroup>
  <ItemGroup>
    <ClInclude Include="include\platform\windows\WindowsWindow.hpp" />
    <ClInclude Include="include\platform\windows\WindowsApplication.hpp" />
    <ClInclude Include="include\platform\Application.hpp" />
    <ClInclude Include="include\platform\Window.hpp" />
    <ClInclude Include="include\idafucker\CoreDefines.hpp" />
    <ClInclude Include="include\idafucker\Bootstrapper\Bootstrapper.hpp" />
    <ClInclude Include="include\idafucker\resources\ResourceManager.hpp" />
    <ClInclude Include="include\idafucker\resources\Resource.hpp" />
    <ClInclude Include="include\hyperui\events\Event.hpp" />
    <ClInclude Include="include\hyperui\events\EventType.hpp" />
    <ClInclude Include="include\hyperui\renderer\shaders\ShaderCompilationError.hpp" />
    <ClInclude Include="include\hyperui\renderer\shaders\ShaderCompiler.hpp" />
    <ClInclude Include="include\hyperui\renderer\shaders\ShaderProgram.hpp" />
    <ClInclude Include="include\hyperui\style\StyleRef.hpp" />
    <ClInclude Include="include\hyperui\widgets\ButtonWidget.hpp" />
    <ClInclude Include="include\hyperui\widgets\RichTextInputWidget.hpp" />
    <ClInclude Include="include\hyperui\widgets\TextFieldWidget.hpp" />
    <ClInclude Include="include\hyperui\widgets\TextWidget.hpp" />
    <ClInclude Include="include\hyperui\widgets\InputState.hpp" />
    <ClInclude Include="include\idafucker\math\Common.hpp" />
    <ClInclude Include="include\idafucker\math\Rectangle.hpp" />
    <ClInclude Include="include\idafucker\math\Vector2.hpp" />
    <ClInclude Include="include\hyperui\widgets\BaseWidget.hpp" />
    <ClInclude Include="include\hyperui\widgets\CheckboxWidget.hpp" />
    <ClInclude Include="include\idafucker\base\Hash.hpp" />
    <ClInclude Include="include\idafucker\base\Flags.hpp" />
    <ClInclude Include="include\hyperui\CoreDefines.hpp" />
    <ClInclude Include="include\hyperui\events\types\Types.hpp" />
    <ClInclude Include="include\hyperui\events\EventRef.hpp" />
    <ClInclude Include="include\hyperui\renderer\base\Color.hpp" />
    <ClInclude Include="include\hyperui\renderer\RenderContext.hpp" />
    <ClInclude Include="include\hyperui\renderer\Renderer.hpp" />
    <ClInclude Include="include\idafucker\math\Vector4.hpp" />
    <ClInclude Include="include\idafucker\base\IntrusiveHandle.hpp" />
    <ClInclude Include="include\hyperui\markup\Markup.hpp" />
    <ClInclude Include="include\hyperui\markup\MarkupFactory.hpp" />
    <ClInclude Include="include\idafucker\base\Underlying.hpp" />
    <ClInclude Include="include\idafucker\resources\ResourceDependencyResolver.hpp" />
    <ClInclude Include="include\idafucker\resources\ResourceError.hpp" />
    <ClInclude Include="include\idafucker\resources\ResourceFactory.hpp" />
    <ClInclude Include="include\idafucker\base\Any.hpp" />
    <ClInclude Include="include\idafucker\base\TypeTraits.hpp" />
    <ClInclude Include="include\idafucker\base\Bitmask.hpp" />
    <ClInclude Include="include\idafucker\base\String.hpp" />
    <ClInclude Include="include\idafucker\exceptions\Exception.hpp" />
    <ClInclude Include="include\idafucker\exceptions\PlatformException.hpp" />
    <ClInclude Include="include\idafucker\base\Signal.hpp" />
    <ClInclude Include="include\idafucker\base\CommandLine.hpp" />
    <ClInclude Include="include\idafucker\runtime2\Application.hpp" />
    <ClInclude Include="include\idafucker\runtime2\Window.hpp" />
    <ClInclude Include="include\idafucker\runtime2\WindowOptions.hpp" />
    <ClInclude Include="include\idafucker\runtime2\impl\win\ApplicationImpl.hpp" />
    <ClInclude Include="include\idafucker\runtime2\impl\win\Types.hpp" />
    <ClInclude Include="include\idafucker\runtime2\impl\win\WindowImpl.hpp" />
    <ClInclude Include="include\idafucker\runtime2\impl\win\WindowOptionsImpl.hpp" />
    <ClInclude Include="include\idafucker\runtime2\events\BoundsChangedEvent.hpp" />
    <ClInclude Include="include\idafucker\runtime2\events\Events.hpp" />
    <ClInclude Include="include\hyperui\HyperuiWindow.hpp" />
    <ClInclude Include="include\hyperui\data\HtmlFile.hpp" />
    <ClInclude Include="include\hyperui\data\factories\HtmlFileFactory.hpp" />
    <ClInclude Include="include\hyperui\runtime\impl\win\IncludeWebView2.hpp" />
    <ClInclude Include="include\hyperui\runtime\impl\win\EngineImpl.hpp" />
    <ClInclude Include="include\hyperui\runtime\Engine.hpp" />
  </ItemGroup>
  <ItemGroup>
    <None Include=".clang-format" />
    <None Include="packages.config" />
  </ItemGroup>
</Project>